
Microsoft Visual Studio Solution File, Format Version 12.00
# Visual Studio Version 17
VisualStudioVersion = 17.0.31903.59
MinimumVisualStudioVersion = 10.0.40219.1
Project("{2150E333-8FDC-42A3-9474-1A3956D46DE8}") = "clients", "clients", "{86E5F203-C923-42A5-A97C-C92C39BDE904}"
EndProject
Project("{FAE04EC0-301F-11D3-BF4B-00C04F79EFBC}") = "GGs.Desktop", "clients\GGs.Desktop\GGs.Desktop.csproj", "{B09247B6-00F3-40D6-AB82-5819E794D9B1}"
EndProject
Project("{2150E333-8FDC-42A3-9474-1A3956D46DE8}") = "server", "server", "{F12538C6-852D-4FAC-A8BC-2F283AEDE066}"
EndProject
Project("{FAE04EC0-301F-11D3-BF4B-00C04F79EFBC}") = "GGs.Server", "server\GGs.Server\GGs.Server.csproj", "{3D5A141F-EEED-46CE-85E1-141C1069890C}"
EndProject
Project("{2150E333-8FDC-42A3-9474-1A3956D46DE8}") = "shared", "shared", "{D848A177-AA4C-4035-A275-D8CDB7BBFD71}"
EndProject
Project("{FAE04EC0-301F-11D3-BF4B-00C04F79EFBC}") = "GGs.Shared", "shared\GGs.Shared\GGs.Shared.csproj", "{F99A7318-9049-48E8-ACA8-043640198DE6}"
EndProject
Project("{2150E333-8FDC-42A3-9474-1A3956D46DE8}") = "agent", "agent", "{0A1F0CA1-C063-45FF-A59E-27C60C85D3D6}"
EndProject
Project("{FAE04EC0-301F-11D3-BF4B-00C04F79EFBC}") = "GGs.Agent", "agent\GGs.Agent\GGs.Agent.csproj", "{355A5737-1519-4FB6-8A97-B8E7C93F61FB}"
EndProject
Project("{2150E333-8FDC-42A3-9474-1A3956D46DE8}") = "tests", "tests", "{0AB3BF05-4346-4AA6-1389-037BE0695223}"
EndProject
Project("{FAE04EC0-301F-11D3-BF4B-00C04F79EFBC}") = "GGs.ErrorLogViewer.Tests", "tests\GGs.ErrorLogViewer.Tests\GGs.ErrorLogViewer.Tests.csproj", "{B9607F4B-B1BD-4FBB-8F3F-FC5A90E2D711}"
EndProject
Project("{FAE04EC0-301F-11D3-BF4B-00C04F79EFBC}") = "GGs.Enterprise.Tests", "tests\GGs.Enterprise.Tests\GGs.Enterprise.Tests.csproj", "{24085C32-BE8D-441C-94B6-862BF2D3A682}"
EndProject
Project("{2150E333-8FDC-42A3-9474-1A3956D46DE8}") = "tools", "tools", "{07C2787E-EAC7-C090-1BA3-A61EC2A24D84}"
EndProject
Project("{FAE04EC0-301F-11D3-BF4B-00C04F79EFBC}") = "GGs.ErrorLogViewer", "tools\GGs.ErrorLogViewer\GGs.ErrorLogViewer.csproj", "{72E4FA6C-C787-47F9-BD51-AE6560EE5E61}"
EndProject
Project("{2150E333-8FDC-42A3-9474-1A3956D46DE8}") = "installers", "installers", "{A0A54B36-72BB-038A-5217-D0AE2910F31A}"
EndProject
Project("{930C7802-8A8C-48F9-8165-68863BCCD9DD}") = "GGs.Desktop.Installer", "installers\GGs.Desktop.Installer\GGs.Desktop.Installer.wixproj", "{98ED3A53-0B59-4D1C-82A3-42D548CEAA6A}"
EndProject
Project("{FAE04EC0-301F-11D3-BF4B-00C04F79EFBC}") = "GGs.LaunchControl", "tools\GGs.LaunchControl\GGs.LaunchControl.csproj", "{9EAB1B1A-033C-459A-9803-6E01BEFEBABA}"
EndProject
Project("{FAE04EC0-301F-11D3-BF4B-00C04F79EFBC}") = "GGs.MetricsDashboard", "tools\GGs.MetricsDashboard\GGs.MetricsDashboard.csproj", "{BC091EDF-1946-41B1-9C83-BB5BEED41948}"
EndProject
Global
	GlobalSection(SolutionConfigurationPlatforms) = preSolution
		Debug|Any CPU = Debug|Any CPU
		Debug|x64 = Debug|x64
		Debug|x86 = Debug|x86
		Release|Any CPU = Release|Any CPU
		Release|x64 = Release|x64
		Release|x86 = Release|x86
	EndGlobalSection
	GlobalSection(ProjectConfigurationPlatforms) = postSolution
		{B09247B6-00F3-40D6-AB82-5819E794D9B1}.Debug|Any CPU.ActiveCfg = Debug|Any CPU
		{B09247B6-00F3-40D6-AB82-5819E794D9B1}.Debug|Any CPU.Build.0 = Debug|Any CPU
		{B09247B6-00F3-40D6-AB82-5819E794D9B1}.Debug|x64.ActiveCfg = Debug|Any CPU
		{B09247B6-00F3-40D6-AB82-5819E794D9B1}.Debug|x64.Build.0 = Debug|Any CPU
		{B09247B6-00F3-40D6-AB82-5819E794D9B1}.Debug|x86.ActiveCfg = Debug|Any CPU
		{B09247B6-00F3-40D6-AB82-5819E794D9B1}.Debug|x86.Build.0 = Debug|Any CPU
		{B09247B6-00F3-40D6-AB82-5819E794D9B1}.Release|Any CPU.ActiveCfg = Release|Any CPU
		{B09247B6-00F3-40D6-AB82-5819E794D9B1}.Release|Any CPU.Build.0 = Release|Any CPU
		{B09247B6-00F3-40D6-AB82-5819E794D9B1}.Release|x64.ActiveCfg = Release|Any CPU
		{B09247B6-00F3-40D6-AB82-5819E794D9B1}.Release|x64.Build.0 = Release|Any CPU
		{B09247B6-00F3-40D6-AB82-5819E794D9B1}.Release|x86.ActiveCfg = Release|Any CPU
		{B09247B6-00F3-40D6-AB82-5819E794D9B1}.Release|x86.Build.0 = Release|Any CPU
		{3D5A141F-EEED-46CE-85E1-141C1069890C}.Debug|Any CPU.ActiveCfg = Debug|Any CPU
		{3D5A141F-EEED-46CE-85E1-141C1069890C}.Debug|Any CPU.Build.0 = Debug|Any CPU
		{3D5A141F-EEED-46CE-85E1-141C1069890C}.Debug|x64.ActiveCfg = Debug|Any CPU
		{3D5A141F-EEED-46CE-85E1-141C1069890C}.Debug|x64.Build.0 = Debug|Any CPU
		{3D5A141F-EEED-46CE-85E1-141C1069890C}.Debug|x86.ActiveCfg = Debug|Any CPU
		{3D5A141F-EEED-46CE-85E1-141C1069890C}.Debug|x86.Build.0 = Debug|Any CPU
		{3D5A141F-EEED-46CE-85E1-141C1069890C}.Release|Any CPU.ActiveCfg = Release|Any CPU
		{3D5A141F-EEED-46CE-85E1-141C1069890C}.Release|Any CPU.Build.0 = Release|Any CPU
		{3D5A141F-EEED-46CE-85E1-141C1069890C}.Release|x64.ActiveCfg = Release|Any CPU
		{3D5A141F-EEED-46CE-85E1-141C1069890C}.Release|x64.Build.0 = Release|Any CPU
		{3D5A141F-EEED-46CE-85E1-141C1069890C}.Release|x86.ActiveCfg = Release|Any CPU
		{3D5A141F-EEED-46CE-85E1-141C1069890C}.Release|x86.Build.0 = Release|Any CPU
		{F99A7318-9049-48E8-ACA8-043640198DE6}.Debug|Any CPU.ActiveCfg = Debug|Any CPU
		{F99A7318-9049-48E8-ACA8-043640198DE6}.Debug|Any CPU.Build.0 = Debug|Any CPU
		{F99A7318-9049-48E8-ACA8-043640198DE6}.Debug|x64.ActiveCfg = Debug|Any CPU
		{F99A7318-9049-48E8-ACA8-043640198DE6}.Debug|x64.Build.0 = Debug|Any CPU
		{F99A7318-9049-48E8-ACA8-043640198DE6}.Debug|x86.ActiveCfg = Debug|Any CPU
		{F99A7318-9049-48E8-ACA8-043640198DE6}.Debug|x86.Build.0 = Debug|Any CPU
		{F99A7318-9049-48E8-ACA8-043640198DE6}.Release|Any CPU.ActiveCfg = Release|Any CPU
		{F99A7318-9049-48E8-ACA8-043640198DE6}.Release|Any CPU.Build.0 = Release|Any CPU
		{F99A7318-9049-48E8-ACA8-043640198DE6}.Release|x64.ActiveCfg = Release|Any CPU
		{F99A7318-9049-48E8-ACA8-043640198DE6}.Release|x64.Build.0 = Release|Any CPU
		{F99A7318-9049-48E8-ACA8-043640198DE6}.Release|x86.ActiveCfg = Release|Any CPU
		{F99A7318-9049-48E8-ACA8-043640198DE6}.Release|x86.Build.0 = Release|Any CPU
		{355A5737-1519-4FB6-8A97-B8E7C93F61FB}.Debug|Any CPU.ActiveCfg = Debug|Any CPU
		{355A5737-1519-4FB6-8A97-B8E7C93F61FB}.Debug|Any CPU.Build.0 = Debug|Any CPU
		{355A5737-1519-4FB6-8A97-B8E7C93F61FB}.Debug|x64.ActiveCfg = Debug|Any CPU
		{355A5737-1519-4FB6-8A97-B8E7C93F61FB}.Debug|x64.Build.0 = Debug|Any CPU
		{355A5737-1519-4FB6-8A97-B8E7C93F61FB}.Debug|x86.ActiveCfg = Debug|Any CPU
		{355A5737-1519-4FB6-8A97-B8E7C93F61FB}.Debug|x86.Build.0 = Debug|Any CPU
		{355A5737-1519-4FB6-8A97-B8E7C93F61FB}.Release|Any CPU.ActiveCfg = Release|Any CPU
		{355A5737-1519-4FB6-8A97-B8E7C93F61FB}.Release|Any CPU.Build.0 = Release|Any CPU
		{355A5737-1519-4FB6-8A97-B8E7C93F61FB}.Release|x64.ActiveCfg = Release|Any CPU
		{355A5737-1519-4FB6-8A97-B8E7C93F61FB}.Release|x64.Build.0 = Release|Any CPU
		{355A5737-1519-4FB6-8A97-B8E7C93F61FB}.Release|x86.ActiveCfg = Release|Any CPU
		{355A5737-1519-4FB6-8A97-B8E7C93F61FB}.Release|x86.Build.0 = Release|Any CPU
		{B9607F4B-B1BD-4FBB-8F3F-FC5A90E2D711}.Debug|Any CPU.ActiveCfg = Debug|Any CPU
		{B9607F4B-B1BD-4FBB-8F3F-FC5A90E2D711}.Debug|Any CPU.Build.0 = Debug|Any CPU
		{B9607F4B-B1BD-4FBB-8F3F-FC5A90E2D711}.Debug|x64.ActiveCfg = Debug|Any CPU
		{B9607F4B-B1BD-4FBB-8F3F-FC5A90E2D711}.Debug|x64.Build.0 = Debug|Any CPU
		{B9607F4B-B1BD-4FBB-8F3F-FC5A90E2D711}.Debug|x86.ActiveCfg = Debug|Any CPU
		{B9607F4B-B1BD-4FBB-8F3F-FC5A90E2D711}.Debug|x86.Build.0 = Debug|Any CPU
		{B9607F4B-B1BD-4FBB-8F3F-FC5A90E2D711}.Release|Any CPU.ActiveCfg = Release|Any CPU
		{B9607F4B-B1BD-4FBB-8F3F-FC5A90E2D711}.Release|Any CPU.Build.0 = Release|Any CPU
		{B9607F4B-B1BD-4FBB-8F3F-FC5A90E2D711}.Release|x64.ActiveCfg = Release|Any CPU
		{B9607F4B-B1BD-4FBB-8F3F-FC5A90E2D711}.Release|x64.Build.0 = Release|Any CPU
		{B9607F4B-B1BD-4FBB-8F3F-FC5A90E2D711}.Release|x86.ActiveCfg = Release|Any CPU
		{B9607F4B-B1BD-4FBB-8F3F-FC5A90E2D711}.Release|x86.Build.0 = Release|Any CPU
		{24085C32-BE8D-441C-94B6-862BF2D3A682}.Debug|Any CPU.ActiveCfg = Debug|Any CPU
		{24085C32-BE8D-441C-94B6-862BF2D3A682}.Debug|Any CPU.Build.0 = Debug|Any CPU
		{24085C32-BE8D-441C-94B6-862BF2D3A682}.Debug|x64.ActiveCfg = Debug|Any CPU
		{24085C32-BE8D-441C-94B6-862BF2D3A682}.Debug|x64.Build.0 = Debug|Any CPU
		{24085C32-BE8D-441C-94B6-862BF2D3A682}.Debug|x86.ActiveCfg = Debug|Any CPU
		{24085C32-BE8D-441C-94B6-862BF2D3A682}.Debug|x86.Build.0 = Debug|Any CPU
		{24085C32-BE8D-441C-94B6-862BF2D3A682}.Release|Any CPU.ActiveCfg = Release|Any CPU
		{24085C32-BE8D-441C-94B6-862BF2D3A682}.Release|Any CPU.Build.0 = Release|Any CPU
		{24085C32-BE8D-441C-94B6-862BF2D3A682}.Release|x64.ActiveCfg = Release|Any CPU
		{24085C32-BE8D-441C-94B6-862BF2D3A682}.Release|x64.Build.0 = Release|Any CPU
		{24085C32-BE8D-441C-94B6-862BF2D3A682}.Release|x86.ActiveCfg = Release|Any CPU
		{24085C32-BE8D-441C-94B6-862BF2D3A682}.Release|x86.Build.0 = Release|Any CPU
		{72E4FA6C-C787-47F9-BD51-AE6560EE5E61}.Debug|Any CPU.ActiveCfg = Debug|Any CPU
		{72E4FA6C-C787-47F9-BD51-AE6560EE5E61}.Debug|Any CPU.Build.0 = Debug|Any CPU
		{72E4FA6C-C787-47F9-BD51-AE6560EE5E61}.Debug|x64.ActiveCfg = Debug|Any CPU
		{72E4FA6C-C787-47F9-BD51-AE6560EE5E61}.Debug|x64.Build.0 = Debug|Any CPU
		{72E4FA6C-C787-47F9-BD51-AE6560EE5E61}.Debug|x86.ActiveCfg = Debug|Any CPU
		{72E4FA6C-C787-47F9-BD51-AE6560EE5E61}.Debug|x86.Build.0 = Debug|Any CPU
		{72E4FA6C-C787-47F9-BD51-AE6560EE5E61}.Release|Any CPU.ActiveCfg = Release|Any CPU
		{72E4FA6C-C787-47F9-BD51-AE6560EE5E61}.Release|Any CPU.Build.0 = Release|Any CPU
		{72E4FA6C-C787-47F9-BD51-AE6560EE5E61}.Release|x64.ActiveCfg = Release|Any CPU
		{72E4FA6C-C787-47F9-BD51-AE6560EE5E61}.Release|x64.Build.0 = Release|Any CPU
		{72E4FA6C-C787-47F9-BD51-AE6560EE5E61}.Release|x86.ActiveCfg = Release|Any CPU
		{72E4FA6C-C787-47F9-BD51-AE6560EE5E61}.Release|x86.Build.0 = Release|Any CPU
		{98ED3A53-0B59-4D1C-82A3-42D548CEAA6A}.Debug|Any CPU.ActiveCfg = Debug|Any CPU
		{98ED3A53-0B59-4D1C-82A3-42D548CEAA6A}.Debug|x64.ActiveCfg = Debug|Any CPU
		{98ED3A53-0B59-4D1C-82A3-42D548CEAA6A}.Debug|x86.ActiveCfg = Debug|Any CPU
		{98ED3A53-0B59-4D1C-82A3-42D548CEAA6A}.Release|Any CPU.ActiveCfg = Release|Any CPU
		{98ED3A53-0B59-4D1C-82A3-42D548CEAA6A}.Release|x64.ActiveCfg = Release|Any CPU
		{98ED3A53-0B59-4D1C-82A3-42D548CEAA6A}.Release|x86.ActiveCfg = Release|Any CPU
		{9EAB1B1A-033C-459A-9803-6E01BEFEBABA}.Debug|Any CPU.ActiveCfg = Debug|Any CPU
		{9EAB1B1A-033C-459A-9803-6E01BEFEBABA}.Debug|Any CPU.Build.0 = Debug|Any CPU
		{9EAB1B1A-033C-459A-9803-6E01BEFEBABA}.Debug|x64.ActiveCfg = Debug|Any CPU
		{9EAB1B1A-033C-459A-9803-6E01BEFEBABA}.Debug|x64.Build.0 = Debug|Any CPU
		{9EAB1B1A-033C-459A-9803-6E01BEFEBABA}.Debug|x86.ActiveCfg = Debug|Any CPU
		{9EAB1B1A-033C-459A-9803-6E01BEFEBABA}.Debug|x86.Build.0 = Debug|Any CPU
		{9EAB1B1A-033C-459A-9803-6E01BEFEBABA}.Release|Any CPU.ActiveCfg = Release|Any CPU
		{9EAB1B1A-033C-459A-9803-6E01BEFEBABA}.Release|Any CPU.Build.0 = Release|Any CPU
		{9EAB1B1A-033C-459A-9803-6E01BEFEBABA}.Release|x64.ActiveCfg = Release|Any CPU
		{9EAB1B1A-033C-459A-9803-6E01BEFEBABA}.Release|x64.Build.0 = Release|Any CPU
		{9EAB1B1A-033C-459A-9803-6E01BEFEBABA}.Release|x86.ActiveCfg = Release|Any CPU
		{9EAB1B1A-033C-459A-9803-6E01BEFEBABA}.Release|x86.Build.0 = Release|Any CPU
		{BC091EDF-1946-41B1-9C83-BB5BEED41948}.Debug|Any CPU.ActiveCfg = Debug|Any CPU
		{BC091EDF-1946-41B1-9C83-BB5BEED41948}.Debug|Any CPU.Build.0 = Debug|Any CPU
		{BC091EDF-1946-41B1-9C83-BB5BEED41948}.Debug|x64.ActiveCfg = Debug|Any CPU
		{BC091EDF-1946-41B1-9C83-BB5BEED41948}.Debug|x64.Build.0 = Debug|Any CPU
		{BC091EDF-1946-41B1-9C83-BB5BEED41948}.Debug|x86.ActiveCfg = Debug|Any CPU
		{BC091EDF-1946-41B1-9C83-BB5BEED41948}.Debug|x86.Build.0 = Debug|Any CPU
		{BC091EDF-1946-41B1-9C83-BB5BEED41948}.Release|Any CPU.ActiveCfg = Release|Any CPU
		{BC091EDF-1946-41B1-9C83-BB5BEED41948}.Release|Any CPU.Build.0 = Release|Any CPU
		{BC091EDF-1946-41B1-9C83-BB5BEED41948}.Release|x64.ActiveCfg = Release|Any CPU
		{BC091EDF-1946-41B1-9C83-BB5BEED41948}.Release|x64.Build.0 = Release|Any CPU
		{BC091EDF-1946-41B1-9C83-BB5BEED41948}.Release|x86.ActiveCfg = Release|Any CPU
		{BC091EDF-1946-41B1-9C83-BB5BEED41948}.Release|x86.Build.0 = Release|Any CPU
	EndGlobalSection
	GlobalSection(SolutionProperties) = preSolution
		HideSolutionNode = FALSE
	EndGlobalSection
	GlobalSection(NestedProjects) = preSolution
		{B09247B6-00F3-40D6-AB82-5819E794D9B1} = {86E5F203-C923-42A5-A97C-C92C39BDE904}
		{3D5A141F-EEED-46CE-85E1-141C1069890C} = {F12538C6-852D-4FAC-A8BC-2F283AEDE066}
		{F99A7318-9049-48E8-ACA8-043640198DE6} = {D848A177-AA4C-4035-A275-D8CDB7BBFD71}
		{355A5737-1519-4FB6-8A97-B8E7C93F61FB} = {0A1F0CA1-C063-45FF-A59E-27C60C85D3D6}
		{B9607F4B-B1BD-4FBB-8F3F-FC5A90E2D711} = {0AB3BF05-4346-4AA6-1389-037BE0695223}
		{24085C32-BE8D-441C-94B6-862BF2D3A682} = {0AB3BF05-4346-4AA6-1389-037BE0695223}
		{72E4FA6C-C787-47F9-BD51-AE6560EE5E61} = {07C2787E-EAC7-C090-1BA3-A61EC2A24D84}
		{98ED3A53-0B59-4D1C-82A3-42D548CEAA6A} = {A0A54B36-72BB-038A-5217-D0AE2910F31A}
		{9EAB1B1A-033C-459A-9803-6E01BEFEBABA} = {07C2787E-EAC7-C090-1BA3-A61EC2A24D84}
		{BC091EDF-1946-41B1-9C83-BB5BEED41948} = {07C2787E-EAC7-C090-1BA3-A61EC2A24D84}
	EndGlobalSection
EndGlobal
